
Microsoft Visual Studio Solution File, Format Version 11.00
# Visual Studio 2010
# SharpDevelop 5.1
Project("{FAE04EC0-301F-11D3-BF4B-00C04F79EFBC}") = "Imagen V2", "Imagen V2\Imagen V2.csproj", "{28651BEE-2474-4583-B148-2800E4A40E26}"
EndProject
Global
	GlobalSection(SolutionConfigurationPlatforms) = preSolution
		Debug|Any CPU = Debug|Any CPU
		Release|Any CPU = Release|Any CPU
	EndGlobalSection
	GlobalSection(ProjectConfigurationPlatforms) = postSolution
		{28651BEE-2474-4583-B148-2800E4A40E26}.Debug|Any CPU.ActiveCfg = Debug|Any CPU
		{28651BEE-2474-4583-B148-2800E4A40E26}.Debug|Any CPU.Build.0 = Debug|Any CPU
		{28651BEE-2474-4583-B148-2800E4A40E26}.Release|Any CPU.ActiveCfg = Release|Any CPU
		{28651BEE-2474-4583-B148-2800E4A40E26}.Release|Any CPU.Build.0 = Release|Any CPU
	EndGlobalSection
EndGlobal
